PODS:
  - FSUIKit (1.0.0)
  - SnapKit (5.6.0)

DEPENDENCIES:
  - FSUIKit (from `../`)
  - SnapKit

SPEC REPOS:
  trunk:
    - SnapKit

EXTERNAL SOURCES:
  FSUIKit:
    :path: "../"

SPEC CHECKSUMS:
  FSUIKit: 3c5bc8a192b8d323f86b4b3ce14a6dd3412788f6
  SnapKit: e01d52ebb8ddbc333eefe2132acf85c8227d9c25

PODFILE CHECKSUM: c500617612aac946f190a156b4885cf14d8d306f

COCOAPODS: 1.14.3
