PODS:
  - FSUIKit_Swift (1.0.3)
  - SnapKit (5.6.0)

DEPENDENCIES:
  - FSUIKit_Swift (from `../`)
  - SnapKit

SPEC REPOS:
  trunk:
    - SnapKit

EXTERNAL SOURCES:
  FSUIKit_Swift:
    :path: "../"

SPEC CHECKSUMS:
  FSUIKit_Swift: 06dc8078608c2f5c72494dbeacc471c0eda2637b
  SnapKit: e01d52ebb8ddbc333eefe2132acf85c8227d9c25

PODFILE CHECKSUM: c8349882baa3f3971902cce9d651da939fbb2c6c

COCOAPODS: 1.15.2
