PODS:
  - FSUIKitSwift (1.0.4)
  - SnapKit (5.6.0)

DEPENDENCIES:
  - FSUIKitSwift (from `../`)
  - SnapKit

SPEC REPOS:
  trunk:
    - SnapKit

EXTERNAL SOURCES:
  FSUIKitSwift:
    :path: "../"

SPEC CHECKSUMS:
  FSUIKitSwift: 6640c309ff6f6683e743d1db07cf0f1e9d0b0cdc
  SnapKit: e01d52ebb8ddbc333eefe2132acf85c8227d9c25

PODFILE CHECKSUM: 9ba51f58a80ca408f3de8f3e253c94cdc3782f1f

COCOAPODS: 1.15.2
