// !$*UTF8*$!
{
	archiveVersion = 1;
	classes = {
	};
	objectVersion = 56;
	objects = {

/* Begin PBXBuildFile section */
		041102552B72AA2200E243D2 /* ToastViewController.swift in Sources */ = {isa = PBXBuildFile; fileRef = 041102542B72AA2200E243D2 /* ToastViewController.swift */; };
		043541502BD128DB00CC7208 /* GradientViewController.swift in Sources */ = {isa = PBXBuildFile; fileRef = 0435414F2BD128DB00CC7208 /* GradientViewController.swift */; };
		0482E20D2BC7E85D00681954 /* LaunchScreen.storyboard in Resources */ = {isa = PBXBuildFile; fileRef = 0482E20C2BC7E85D00681954 /* LaunchScreen.storyboard */; };
		048C86842BCA064E0080322D /* TextInputAlertViewController.swift in Sources */ = {isa = PBXBuildFile; fileRef = 048C86832BCA064E0080322D /* TextInputAlertViewController.swift */; };
		049363C12BF5A4EB00CD98C3 /* CustomBarViewController.swift in Sources */ = {isa = PBXBuildFile; fileRef = 049363C02BF5A4EB00CD98C3 /* CustomBarViewController.swift */; };
		0495CD132BF20C36008DDEB8 /* CollectionInsetGroupViewController.swift in Sources */ = {isa = PBXBuildFile; fileRef = 0495CD122BF20C36008DDEB8 /* CollectionInsetGroupViewController.swift */; };
		04B54AAA2BF7058D00D12C0F /* FullscreenPopViewController.swift in Sources */ = {isa = PBXBuildFile; fileRef = 04B54AA92BF7058D00D12C0F /* FullscreenPopViewController.swift */; };
		04F52B112BA1D4AE000AC4BE /* FlexibleViewController.swift in Sources */ = {isa = PBXBuildFile; fileRef = 04F52B102BA1D4AE000AC4BE /* FlexibleViewController.swift */; };
		607FACD61AFB9204008FA782 /* AppDelegate.swift in Sources */ = {isa = PBXBuildFile; fileRef = 607FACD51AFB9204008FA782 /* AppDelegate.swift */; };
		607FACD81AFB9204008FA782 /* ViewController.swift in Sources */ = {isa = PBXBuildFile; fileRef = 607FACD71AFB9204008FA782 /* ViewController.swift */; };
		607FACDB1AFB9204008FA782 /* Main.storyboard in Resources */ = {isa = PBXBuildFile; fileRef = 607FACD91AFB9204008FA782 /* Main.storyboard */; };
		607FACDD1AFB9204008FA782 /* Images.xcassets in Resources */ = {isa = PBXBuildFile; fileRef = 607FACDC1AFB9204008FA782 /* Images.xcassets */; };
		909C26E3DAC0C761621B5C40 /* Pods_FSUIKit_Example.framework in Frameworks */ = {isa = PBXBuildFile; fileRef = EB8AC0D06D3CAA2E913F5277 /* Pods_FSUIKit_Example.framework */; };
		BF54E9882CDCEDB200154198 /* TextFieldViewController.swift in Sources */ = {isa = PBXBuildFile; fileRef = BF54E9872CDCEDB200154198 /* TextFieldViewController.swift */; };
		BF98BBEC2CDDBBCE0096FA56 /* TextViewViewController.swift in Sources */ = {isa = PBXBuildFile; fileRef = BF98BBEB2CDDBBCE0096FA56 /* TextViewViewController.swift */; };
		BFD7F6222CF81F3000098446 /* DownloaderViewController.swift in Sources */ = {isa = PBXBuildFile; fileRef = BFD7F6212CF81F3000098446 /* DownloaderViewController.swift */; };
/* End PBXBuildFile section */

/* Begin PBXFileReference section */
		041102542B72AA2200E243D2 /* ToastViewController.swift */ = {isa = PBXFileReference; lastKnownFileType = sourcecode.swift; path = ToastViewController.swift; sourceTree = "<group>"; };
		0435414F2BD128DB00CC7208 /* GradientViewController.swift */ = {isa = PBXFileReference; lastKnownFileType = sourcecode.swift; path = GradientViewController.swift; sourceTree = "<group>"; };
		0482E20C2BC7E85D00681954 /* LaunchScreen.storyboard */ = {isa = PBXFileReference; lastKnownFileType = file.storyboard; path = LaunchScreen.storyboard; sourceTree = "<group>"; };
		048C86832BCA064E0080322D /* TextInputAlertViewController.swift */ = {isa = PBXFileReference; lastKnownFileType = sourcecode.swift; path = TextInputAlertViewController.swift; sourceTree = "<group>"; };
		049363C02BF5A4EB00CD98C3 /* CustomBarViewController.swift */ = {isa = PBXFileReference; lastKnownFileType = sourcecode.swift; path = CustomBarViewController.swift; sourceTree = "<group>"; };
		0495CD122BF20C36008DDEB8 /* CollectionInsetGroupViewController.swift */ = {isa = PBXFileReference; lastKnownFileType = sourcecode.swift; path = CollectionInsetGroupViewController.swift; sourceTree = "<group>"; };
		04B54AA92BF7058D00D12C0F /* FullscreenPopViewController.swift */ = {isa = PBXFileReference; lastKnownFileType = sourcecode.swift; path = FullscreenPopViewController.swift; sourceTree = "<group>"; };
		04F52B102BA1D4AE000AC4BE /* FlexibleViewController.swift */ = {isa = PBXFileReference; lastKnownFileType = sourcecode.swift; path = FlexibleViewController.swift; sourceTree = "<group>"; };
		0E5C54A5FC366BAB9992D07A /* Pods-FSUIKit_Example.release.xcconfig */ = {isa = PBXFileReference; includeInIndex = 1; lastKnownFileType = text.xcconfig; name = "Pods-FSUIKit_Example.release.xcconfig"; path = "Target Support Files/Pods-FSUIKit_Example/Pods-FSUIKit_Example.release.xcconfig"; sourceTree = "<group>"; };
		1B99EBA78898161DBF9957D1 /* FSUIKit.podspec */ = {isa = PBXFileReference; includeInIndex = 1; lastKnownFileType = text; name = FSUIKit.podspec; path = ../FSUIKit.podspec; sourceTree = "<group>"; xcLanguageSpecificationIdentifier = xcode.lang.ruby; };
		392C34A4B15F3FC1F64CFE94 /* Pods-FSUIKit_Tests.release.xcconfig */ = {isa = PBXFileReference; includeInIndex = 1; lastKnownFileType = text.xcconfig; name = "Pods-FSUIKit_Tests.release.xcconfig"; path = "Target Support Files/Pods-FSUIKit_Tests/Pods-FSUIKit_Tests.release.xcconfig"; sourceTree = "<group>"; };
		607FACD01AFB9204008FA782 /* FSUIKit_Example.app */ = {isa = PBXFileReference; explicitFileType = wrapper.application; includeInIndex = 0; path = FSUIKit_Example.app; sourceTree = BUILT_PRODUCTS_DIR; };
		607FACD41AFB9204008FA782 /* Info.plist */ = {isa = PBXFileReference; lastKnownFileType = text.plist.xml; path = Info.plist; sourceTree = "<group>"; };
		607FACD51AFB9204008FA782 /* AppDelegate.swift */ = {isa = PBXFileReference; lastKnownFileType = sourcecode.swift; path = AppDelegate.swift; sourceTree = "<group>"; };
		607FACD71AFB9204008FA782 /* ViewController.swift */ = {isa = PBXFileReference; lastKnownFileType = sourcecode.swift; path = ViewController.swift; sourceTree = "<group>"; };
		607FACDA1AFB9204008FA782 /* Base */ = {isa = PBXFileReference; lastKnownFileType = file.storyboard; name = Base; path = Base.lproj/Main.storyboard; sourceTree = "<group>"; };
		607FACDC1AFB9204008FA782 /* Images.xcassets */ = {isa = PBXFileReference; lastKnownFileType = folder.assetcatalog; path = Images.xcassets; sourceTree = "<group>"; };
		612545EA15C30DC6D13F8089 /* Pods_FSUIKit_Tests.framework */ = {isa = PBXFileReference; explicitFileType = wrapper.framework; includeInIndex = 0; path = Pods_FSUIKit_Tests.framework; sourceTree = BUILT_PRODUCTS_DIR; };
		79977ED3A94FC91CABD3ACDA /* Pods-FSUIKit_Example.debug.xcconfig */ = {isa = PBXFileReference; includeInIndex = 1; lastKnownFileType = text.xcconfig; name = "Pods-FSUIKit_Example.debug.xcconfig"; path = "Target Support Files/Pods-FSUIKit_Example/Pods-FSUIKit_Example.debug.xcconfig"; sourceTree = "<group>"; };
		897595C6F685B51925EDD910 /* README.md */ = {isa = PBXFileReference; includeInIndex = 1; lastKnownFileType = net.daringfireball.markdown; name = README.md; path = ../README.md; sourceTree = "<group>"; };
		992426277C68CE93C0F8E96A /* LICENSE */ = {isa = PBXFileReference; includeInIndex = 1; lastKnownFileType = text; name = LICENSE; path = ../LICENSE; sourceTree = "<group>"; };
		B10089CBD10B14D1CBE3D49A /* Pods-FSUIKit_Tests.debug.xcconfig */ = {isa = PBXFileReference; includeInIndex = 1; lastKnownFileType = text.xcconfig; name = "Pods-FSUIKit_Tests.debug.xcconfig"; path = "Target Support Files/Pods-FSUIKit_Tests/Pods-FSUIKit_Tests.debug.xcconfig"; sourceTree = "<group>"; };
		BF54E9872CDCEDB200154198 /* TextFieldViewController.swift */ = {isa = PBXFileReference; lastKnownFileType = sourcecode.swift; path = TextFieldViewController.swift; sourceTree = "<group>"; };
		BF98BBEB2CDDBBCE0096FA56 /* TextViewViewController.swift */ = {isa = PBXFileReference; lastKnownFileType = sourcecode.swift; path = TextViewViewController.swift; sourceTree = "<group>"; };
		BFD7F6212CF81F3000098446 /* DownloaderViewController.swift */ = {isa = PBXFileReference; lastKnownFileType = sourcecode.swift; path = DownloaderViewController.swift; sourceTree = "<group>"; };
		EB8AC0D06D3CAA2E913F5277 /* Pods_FSUIKit_Example.framework */ = {isa = PBXFileReference; explicitFileType = wrapper.framework; includeInIndex = 0; path = Pods_FSUIKit_Example.framework; sourceTree = BUILT_PRODUCTS_DIR; };
/* End PBXFileReference section */

/* Begin PBXFrameworksBuildPhase section */
		607FACCD1AFB9204008FA782 /* Frameworks */ = {
			isa = PBXFrameworksBuildPhase;
			buildActionMask = 2147483647;
			files = (
				909C26E3DAC0C761621B5C40 /* Pods_FSUIKit_Example.framework in Frameworks */,
			);
			runOnlyForDeploymentPostprocessing = 0;
		};
/* End PBXFrameworksBuildPhase section */

/* Begin PBXGroup section */
		041102532B72AA0E00E243D2 /* Examples */ = {
			isa = PBXGroup;
			children = (
				041102542B72AA2200E243D2 /* ToastViewController.swift */,
				04F52B102BA1D4AE000AC4BE /* FlexibleViewController.swift */,
				048C86832BCA064E0080322D /* TextInputAlertViewController.swift */,
				0435414F2BD128DB00CC7208 /* GradientViewController.swift */,
				0495CD122BF20C36008DDEB8 /* CollectionInsetGroupViewController.swift */,
				049363C02BF5A4EB00CD98C3 /* CustomBarViewController.swift */,
				04B54AA92BF7058D00D12C0F /* FullscreenPopViewController.swift */,
				BF54E9872CDCEDB200154198 /* TextFieldViewController.swift */,
				BF98BBEB2CDDBBCE0096FA56 /* TextViewViewController.swift */,
				BFD7F6212CF81F3000098446 /* DownloaderViewController.swift */,
			);
			path = Examples;
			sourceTree = "<group>";
		};
		607FACC71AFB9204008FA782 = {
			isa = PBXGroup;
			children = (
				607FACF51AFB993E008FA782 /* Podspec Metadata */,
				607FACD21AFB9204008FA782 /* Example for FSUIKit */,
				607FACD11AFB9204008FA782 /* Products */,
				E2921F14A17DE78392BB8C7B /* Pods */,
				87A161B9A3EA84F5537FB4EB /* Frameworks */,
			);
			sourceTree = "<group>";
		};
		607FACD11AFB9204008FA782 /* Products */ = {
			isa = PBXGroup;
			children = (
				607FACD01AFB9204008FA782 /* FSUIKit_Example.app */,
			);
			name = Products;
			sourceTree = "<group>";
		};
		607FACD21AFB9204008FA782 /* Example for FSUIKit */ = {
			isa = PBXGroup;
			children = (
				041102532B72AA0E00E243D2 /* Examples */,
				607FACD51AFB9204008FA782 /* AppDelegate.swift */,
				607FACD71AFB9204008FA782 /* ViewController.swift */,
				607FACD91AFB9204008FA782 /* Main.storyboard */,
				0482E20C2BC7E85D00681954 /* LaunchScreen.storyboard */,
				607FACDC1AFB9204008FA782 /* Images.xcassets */,
				607FACD31AFB9204008FA782 /* Supporting Files */,
			);
			name = "Example for FSUIKit";
			path = FSUIKit;
			sourceTree = "<group>";
		};
		607FACD31AFB9204008FA782 /* Supporting Files */ = {
			isa = PBXGroup;
			children = (
				607FACD41AFB9204008FA782 /* Info.plist */,
			);
			name = "Supporting Files";
			sourceTree = "<group>";
		};
		607FACF51AFB993E008FA782 /* Podspec Metadata */ = {
			isa = PBXGroup;
			children = (
				1B99EBA78898161DBF9957D1 /* FSUIKit.podspec */,
				897595C6F685B51925EDD910 /* README.md */,
				992426277C68CE93C0F8E96A /* LICENSE */,
			);
			name = "Podspec Metadata";
			sourceTree = "<group>";
		};
		87A161B9A3EA84F5537FB4EB /* Frameworks */ = {
			isa = PBXGroup;
			children = (
				EB8AC0D06D3CAA2E913F5277 /* Pods_FSUIKit_Example.framework */,
				612545EA15C30DC6D13F8089 /* Pods_FSUIKit_Tests.framework */,
			);
			name = Frameworks;
			sourceTree = "<group>";
		};
		E2921F14A17DE78392BB8C7B /* Pods */ = {
			isa = PBXGroup;
			children = (
				79977ED3A94FC91CABD3ACDA /* Pods-FSUIKit_Example.debug.xcconfig */,
				0E5C54A5FC366BAB9992D07A /* Pods-FSUIKit_Example.release.xcconfig */,
				B10089CBD10B14D1CBE3D49A /* Pods-FSUIKit_Tests.debug.xcconfig */,
				392C34A4B15F3FC1F64CFE94 /* Pods-FSUIKit_Tests.release.xcconfig */,
			);
			path = Pods;
			sourceTree = "<group>";
		};
/* End PBXGroup section */

/* Begin PBXNativeTarget section */
		607FACCF1AFB9204008FA782 /* FSUIKit_Example */ = {
			isa = PBXNativeTarget;
			buildConfigurationList = 607FACEF1AFB9204008FA782 /* Build configuration list for PBXNativeTarget "FSUIKit_Example" */;
			buildPhases = (
				7ABFBE11401A45C17FC95BEB /* [CP] Check Pods Manifest.lock */,
				607FACCC1AFB9204008FA782 /* Sources */,
				607FACCD1AFB9204008FA782 /* Frameworks */,
				607FACCE1AFB9204008FA782 /* Resources */,
				549D9018EF5E159ACE69599A /* [CP] Embed Pods Frameworks */,
			);
			buildRules = (
			);
			dependencies = (
			);
			name = FSUIKit_Example;
			productName = FSUIKit;
			productReference = 607FACD01AFB9204008FA782 /* FSUIKit_Example.app */;
			productType = "com.apple.product-type.application";
		};
/* End PBXNativeTarget section */

/* Begin PBXProject section */
		607FACC81AFB9204008FA782 /* Project object */ = {
			isa = PBXProject;
			attributes = {
				BuildIndependentTargetsInParallel = YES;
				LastSwiftUpdateCheck = 0830;
				LastUpgradeCheck = 1530;
				ORGANIZATIONNAME = Sheng;
				TargetAttributes = {
					607FACCF1AFB9204008FA782 = {
						CreatedOnToolsVersion = 6.3.1;
						DevelopmentTeam = ZQ8LWY9Q7T;
						LastSwiftMigration = 0900;
						ProvisioningStyle = Manual;
					};
				};
			};
			buildConfigurationList = 607FACCB1AFB9204008FA782 /* Build configuration list for PBXProject "FSUIKit" */;
			compatibilityVersion = "Xcode 14.0";
			developmentRegion = en;
			hasScannedForEncodings = 0;
			knownRegions = (
				en,
				Base,
			);
			mainGroup = 607FACC71AFB9204008FA782;
			productRefGroup = 607FACD11AFB9204008FA782 /* Products */;
			projectDirPath = "";
			projectRoot = "";
			targets = (
				607FACCF1AFB9204008FA782 /* FSUIKit_Example */,
			);
		};
/* End PBXProject section */

/* Begin PBXResourcesBuildPhase section */
		607FACCE1AFB9204008FA782 /* Resources */ = {
			isa = PBXResourcesBuildPhase;
			buildActionMask = 2147483647;
			files = (
				607FACDB1AFB9204008FA782 /* Main.storyboard in Resources */,
				0482E20D2BC7E85D00681954 /* LaunchScreen.storyboard in Resources */,
				607FACDD1AFB9204008FA782 /* Images.xcassets in Resources */,
			);
			runOnlyForDeploymentPostprocessing = 0;
		};
/* End PBXResourcesBuildPhase section */

/* Begin PBXShellScriptBuildPhase section */
		549D9018EF5E159ACE69599A /* [CP] Embed Pods Frameworks */ = {
			isa = PBXShellScriptBuildPhase;
			buildActionMask = 2147483647;
			files = (
			);
			inputFileListPaths = (
				"${PODS_ROOT}/Target Support Files/Pods-FSUIKit_Example/Pods-FSUIKit_Example-frameworks-${CONFIGURATION}-input-files.xcfilelist",
			);
			name = "[CP] Embed Pods Frameworks";
			outputFileListPaths = (
				"${PODS_ROOT}/Target Support Files/Pods-FSUIKit_Example/Pods-FSUIKit_Example-frameworks-${CONFIGURATION}-output-files.xcfilelist",
			);
			runOnlyForDeploymentPostprocessing = 0;
			shellPath = /bin/sh;
			shellScript = "\"${PODS_ROOT}/Target Support Files/Pods-FSUIKit_Example/Pods-FSUIKit_Example-frameworks.sh\"\n";
			showEnvVarsInLog = 0;
		};
		7ABFBE11401A45C17FC95BEB /* [CP] Check Pods Manifest.lock */ = {
			isa = PBXShellScriptBuildPhase;
			buildActionMask = 2147483647;
			files = (
			);
			inputFileListPaths = (
			);
			inputPaths = (
				"${PODS_PODFILE_DIR_PATH}/Podfile.lock",
				"${PODS_ROOT}/Manifest.lock",
			);
			name = "[CP] Check Pods Manifest.lock";
			outputFileListPaths = (
			);
			outputPaths = (
				"$(DERIVED_FILE_DIR)/Pods-FSUIKit_Example-checkManifestLockResult.txt",
			);
			runOnlyForDeploymentPostprocessing = 0;
			shellPath = /bin/sh;
			shellScript = "diff \"${PODS_PODFILE_DIR_PATH}/Podfile.lock\" \"${PODS_ROOT}/Manifest.lock\" > /dev/null\nif [ $? != 0 ] ; then\n    # print error to STDERR\n    echo \"error: The sandbox is not in sync with the Podfile.lock. Run 'pod install' or update your CocoaPods installation.\" >&2\n    exit 1\nfi\n# This output is used by Xcode 'outputs' to avoid re-running this script phase.\necho \"SUCCESS\" > \"${SCRIPT_OUTPUT_FILE_0}\"\n";
			showEnvVarsInLog = 0;
		};
/* End PBXShellScriptBuildPhase section */

/* Begin PBXSourcesBuildPhase section */
		607FACCC1AFB9204008FA782 /* Sources */ = {
			isa = PBXSourcesBuildPhase;
			buildActionMask = 2147483647;
			files = (
				BF54E9882CDCEDB200154198 /* TextFieldViewController.swift in Sources */,
				04B54AAA2BF7058D00D12C0F /* FullscreenPopViewController.swift in Sources */,
				607FACD81AFB9204008FA782 /* ViewController.swift in Sources */,
				04F52B112BA1D4AE000AC4BE /* FlexibleViewController.swift in Sources */,
				043541502BD128DB00CC7208 /* GradientViewController.swift in Sources */,
				041102552B72AA2200E243D2 /* ToastViewController.swift in Sources */,
				BF98BBEC2CDDBBCE0096FA56 /* TextViewViewController.swift in Sources */,
				BFD7F6222CF81F3000098446 /* DownloaderViewController.swift in Sources */,
				0495CD132BF20C36008DDEB8 /* CollectionInsetGroupViewController.swift in Sources */,
				048C86842BCA064E0080322D /* TextInputAlertViewController.swift in Sources */,
				607FACD61AFB9204008FA782 /* AppDelegate.swift in Sources */,
				049363C12BF5A4EB00CD98C3 /* CustomBarViewController.swift in Sources */,
			);
			runOnlyForDeploymentPostprocessing = 0;
		};
/* End PBXSourcesBuildPhase section */

/* Begin PBXVariantGroup section */
		607FACD91AFB9204008FA782 /* Main.storyboard */ = {
			isa = PBXVariantGroup;
			children = (
				607FACDA1AFB9204008FA782 /* Base */,
			);
			name = Main.storyboard;
			sourceTree = "<group>";
		};
/* End PBXVariantGroup section */

/* Begin XCBuildConfiguration section */
		607FACED1AFB9204008FA782 /* Debug */ = {
			isa = XCBuildConfiguration;
			buildSettings = {
				ALWAYS_SEARCH_USER_PATHS = NO;
				CLANG_CXX_LANGUAGE_STANDARD = "gnu++0x";
				CLANG_CXX_LIBRARY = "libc++";
				CLANG_ENABLE_MODULES = YES;
				CLANG_ENABLE_OBJC_ARC = YES;
				CLANG_WARN_BLOCK_CAPTURE_AUTORELEASING = YES;
				CLANG_WARN_BOOL_CONVERSION = YES;
				CLANG_WARN_COMMA = YES;
				CLANG_WARN_CONSTANT_CONVERSION = YES;
				CLANG_WARN_DEPRECATED_OBJC_IMPLEMENTATIONS = YES;
				CLANG_WARN_DIRECT_OBJC_ISA_USAGE = YES_ERROR;
				CLANG_WARN_EMPTY_BODY = YES;
				CLANG_WARN_ENUM_CONVERSION = YES;
				CLANG_WARN_INFINITE_RECURSION = YES;
				CLANG_WARN_INT_CONVERSION = YES;
				CLANG_WARN_NON_LITERAL_NULL_CONVERSION = YES;
				CLANG_WARN_OBJC_IMPLICIT_RETAIN_SELF = YES;
				CLANG_WARN_OBJC_LITERAL_CONVERSION = YES;
				CLANG_WARN_OBJC_ROOT_CLASS = YES_ERROR;
				CLANG_WARN_QUOTED_INCLUDE_IN_FRAMEWORK_HEADER = YES;
				CLANG_WARN_RANGE_LOOP_ANALYSIS = YES;
				CLANG_WARN_STRICT_PROTOTYPES = YES;
				CLANG_WARN_SUSPICIOUS_MOVE = YES;
				CLANG_WARN_UNREACHABLE_CODE = YES;
				CLANG_WARN__DUPLICATE_METHOD_MATCH = YES;
				"CODE_SIGN_IDENTITY[sdk=iphoneos*]" = "iPhone Developer";
				COPY_PHASE_STRIP = NO;
				DEBUG_INFORMATION_FORMAT = "dwarf-with-dsym";
				ENABLE_STRICT_OBJC_MSGSEND = YES;
				ENABLE_TESTABILITY = YES;
				ENABLE_USER_SCRIPT_SANDBOXING = YES;
				GCC_C_LANGUAGE_STANDARD = gnu99;
				GCC_DYNAMIC_NO_PIC = NO;
				GCC_NO_COMMON_BLOCKS = YES;
				GCC_OPTIMIZATION_LEVEL = 0;
				GCC_PREPROCESSOR_DEFINITIONS = (
					"DEBUG=1",
					"$(inherited)",
				);
				GCC_SYMBOLS_PRIVATE_EXTERN = NO;
				GCC_WARN_64_TO_32_BIT_CONVERSION = YES;
				GCC_WARN_ABOUT_RETURN_TYPE = YES_ERROR;
				GCC_WARN_UNDECLARED_SELECTOR = YES;
				GCC_WARN_UNINITIALIZED_AUTOS = YES_AGGRESSIVE;
				GCC_WARN_UNUSED_FUNCTION = YES;
				GCC_WARN_UNUSED_VARIABLE = YES;
				IPHONEOS_DEPLOYMENT_TARGET = 12.0;
				MTL_ENABLE_DEBUG_INFO = YES;
				ONLY_ACTIVE_ARCH = YES;
				SDKROOT = iphoneos;
				SWIFT_OPTIMIZATION_LEVEL = "-Onone";
			};
			name = Debug;
		};
		607FACEE1AFB9204008FA782 /* Release */ = {
			isa = XCBuildConfiguration;
			buildSettings = {
				ALWAYS_SEARCH_USER_PATHS = NO;
				CLANG_CXX_LANGUAGE_STANDARD = "gnu++0x";
				CLANG_CXX_LIBRARY = "libc++";
				CLANG_ENABLE_MODULES = YES;
				CLANG_ENABLE_OBJC_ARC = YES;
				CLANG_WARN_BLOCK_CAPTURE_AUTORELEASING = YES;
				CLANG_WARN_BOOL_CONVERSION = YES;
				CLANG_WARN_COMMA = YES;
				CLANG_WARN_CONSTANT_CONVERSION = YES;
				CLANG_WARN_DEPRECATED_OBJC_IMPLEMENTATIONS = YES;
				CLANG_WARN_DIRECT_OBJC_ISA_USAGE = YES_ERROR;
				CLANG_WARN_EMPTY_BODY = YES;
				CLANG_WARN_ENUM_CONVERSION = YES;
				CLANG_WARN_INFINITE_RECURSION = YES;
				CLANG_WARN_INT_CONVERSION = YES;
				CLANG_WARN_NON_LITERAL_NULL_CONVERSION = YES;
				CLANG_WARN_OBJC_IMPLICIT_RETAIN_SELF = YES;
				CLANG_WARN_OBJC_LITERAL_CONVERSION = YES;
				CLANG_WARN_OBJC_ROOT_CLASS = YES_ERROR;
				CLANG_WARN_QUOTED_INCLUDE_IN_FRAMEWORK_HEADER = YES;
				CLANG_WARN_RANGE_LOOP_ANALYSIS = YES;
				CLANG_WARN_STRICT_PROTOTYPES = YES;
				CLANG_WARN_SUSPICIOUS_MOVE = YES;
				CLANG_WARN_UNREACHABLE_CODE = YES;
				CLANG_WARN__DUPLICATE_METHOD_MATCH = YES;
				"CODE_SIGN_IDENTITY[sdk=iphoneos*]" = "iPhone Developer";
				COPY_PHASE_STRIP = NO;
				DEBUG_INFORMATION_FORMAT = "dwarf-with-dsym";
				ENABLE_NS_ASSERTIONS = NO;
				ENABLE_STRICT_OBJC_MSGSEND = YES;
				ENABLE_USER_SCRIPT_SANDBOXING = YES;
				GCC_C_LANGUAGE_STANDARD = gnu99;
				GCC_NO_COMMON_BLOCKS = YES;
				GCC_WARN_64_TO_32_BIT_CONVERSION = YES;
				GCC_WARN_ABOUT_RETURN_TYPE = YES_ERROR;
				GCC_WARN_UNDECLARED_SELECTOR = YES;
				GCC_WARN_UNINITIALIZED_AUTOS = YES_AGGRESSIVE;
				GCC_WARN_UNUSED_FUNCTION = YES;
				GCC_WARN_UNUSED_VARIABLE = YES;
				IPHONEOS_DEPLOYMENT_TARGET = 12.0;
				MTL_ENABLE_DEBUG_INFO = NO;
				SDKROOT = iphoneos;
				SWIFT_COMPILATION_MODE = wholemodule;
				SWIFT_OPTIMIZATION_LEVEL = "-O";
				VALIDATE_PRODUCT = YES;
			};
			name = Release;
		};
		607FACF01AFB9204008FA782 /* Debug */ = {
			isa = XCBuildConfiguration;
			baseConfigurationReference = 79977ED3A94FC91CABD3ACDA /* Pods-FSUIKit_Example.debug.xcconfig */;
			buildSettings = {
				ASSETCATALOG_COMPILER_APPICON_NAME = AppIcon;
				CODE_SIGN_STYLE = Manual;
				CURRENT_PROJECT_VERSION = 1;
				DEVELOPMENT_TEAM = "";
				"DEVELOPMENT_TEAM[sdk=iphoneos*]" = ZQ8LWY9Q7T;
				ENABLE_USER_SCRIPT_SANDBOXING = NO;
				GENERATE_INFOPLIST_FILE = YES;
				INFOPLIST_FILE = FSUIKit/Info.plist;
				INFOPLIST_KEY_CFBundleDisplayName = FSUIKit;
				INFOPLIST_KEY_UILaunchStoryboardName = LaunchScreen.storyboard;
				INFOPLIST_KEY_UIMainStoryboardFile = Main;
				INFOPLIST_KEY_UIRequiredDeviceCapabilities = armv7;
				INFOPLIST_KEY_UIStatusBarHidden = YES;
				INFOPLIST_KEY_UISupportedInterfaceOrientations = "UIInterfaceOrientationPortrait UIInterfaceOrientationLandscapeLeft";
				IPHONEOS_DEPLOYMENT_TARGET = 13.0;
				LD_RUNPATH_SEARCH_PATHS = (
					"$(inherited)",
					"@executable_path/Frameworks",
				);
				MARKETING_VERSION = 1.0.0;
				MODULE_NAME = ExampleApp;
				PRODUCT_BUNDLE_IDENTIFIER = "com.sheng.demo.FSUIKit-Example";
				PRODUCT_NAME = "$(TARGET_NAME)";
				PROVISIONING_PROFILE_SPECIFIER = "";
				"PROVISIONING_PROFILE_SPECIFIER[sdk=iphoneos*]" = "Wildcard Development Profile";
				SUPPORTED_PLATFORMS = "iphoneos iphonesimulator";
				SUPPORTS_MACCATALYST = NO;
				SUPPORTS_MAC_DESIGNED_FOR_IPHONE_IPAD = NO;
				SUPPORTS_XR_DESIGNED_FOR_IPHONE_IPAD = NO;
				SWIFT_SWIFT3_OBJC_INFERENCE = Default;
				SWIFT_VERSION = 5.0;
				TARGETED_DEVICE_FAMILY = "1,2";
			};
			name = Debug;
		};
		607FACF11AFB9204008FA782 /* Release */ = {
			isa = XCBuildConfiguration;
			baseConfigurationReference = 0E5C54A5FC366BAB9992D07A /* Pods-FSUIKit_Example.release.xcconfig */;
			buildSettings = {
				ASSETCATALOG_COMPILER_APPICON_NAME = AppIcon;
				CODE_SIGN_STYLE = Manual;
				CURRENT_PROJECT_VERSION = 1;
				DEVELOPMENT_TEAM = "";
				ENABLE_USER_SCRIPT_SANDBOXING = NO;
				GENERATE_INFOPLIST_FILE = YES;
				INFOPLIST_FILE = FSUIKit/Info.plist;
				INFOPLIST_KEY_CFBundleDisplayName = FSUIKit;
				INFOPLIST_KEY_UILaunchStoryboardName = LaunchScreen.storyboard;
				INFOPLIST_KEY_UIMainStoryboardFile = Main;
				INFOPLIST_KEY_UIRequiredDeviceCapabilities = armv7;
				INFOPLIST_KEY_UIStatusBarHidden = YES;
				INFOPLIST_KEY_UISupportedInterfaceOrientations = "UIInterfaceOrientationPortrait UIInterfaceOrientationLandscapeLeft";
				IPHONEOS_DEPLOYMENT_TARGET = 13.0;
				LD_RUNPATH_SEARCH_PATHS = (
					"$(inherited)",
					"@executable_path/Frameworks",
				);
				MARKETING_VERSION = 1.0.0;
				MODULE_NAME = ExampleApp;
				PRODUCT_BUNDLE_IDENTIFIER = "com.sheng.demo.FSUIKit-Example";
				PRODUCT_NAME = "$(TARGET_NAME)";
				PROVISIONING_PROFILE_SPECIFIER = "";
				SUPPORTED_PLATFORMS = "iphoneos iphonesimulator";
				SUPPORTS_MACCATALYST = NO;
				SUPPORTS_MAC_DESIGNED_FOR_IPHONE_IPAD = NO;
				SUPPORTS_XR_DESIGNED_FOR_IPHONE_IPAD = NO;
				SWIFT_SWIFT3_OBJC_INFERENCE = Default;
				SWIFT_VERSION = 5.0;
				TARGETED_DEVICE_FAMILY = "1,2";
			};
			name = Release;
		};
/* End XCBuildConfiguration section */

/* Begin XCConfigurationList section */
		607FACCB1AFB9204008FA782 /* Build configuration list for PBXProject "FSUIKit" */ = {
			isa = XCConfigurationList;
			buildConfigurations = (
				607FACED1AFB9204008FA782 /* Debug */,
				607FACEE1AFB9204008FA782 /* Release */,
			);
			defaultConfigurationIsVisible = 0;
			defaultConfigurationName = Release;
		};
		607FACEF1AFB9204008FA782 /* Build configuration list for PBXNativeTarget "FSUIKit_Example" */ = {
			isa = XCConfigurationList;
			buildConfigurations = (
				607FACF01AFB9204008FA782 /* Debug */,
				607FACF11AFB9204008FA782 /* Release */,
			);
			defaultConfigurationIsVisible = 0;
			defaultConfigurationName = Release;
		};
/* End XCConfigurationList section */
	};
	rootObject = 607FACC81AFB9204008FA782 /* Project object */;
}
